// !$*UTF8*$!
{
	archiveVersion = 1;
	classes = {
	};
	objectVersion = 46;
	objects = {

/* Begin PBXAggregateTarget section */
		"Fakery::FakeryPackageTests::ProductTarget" /* FakeryPackageTests */ = {
			isa = PBXAggregateTarget;
			buildConfigurationList = OBJ_90 /* Build configuration list for PBXAggregateTarget "FakeryPackageTests" */;
			buildPhases = (
			);
			dependencies = (
				OBJ_93 /* PBXTargetDependency */,
			);
			name = FakeryPackageTests;
			productName = FakeryPackageTests;
		};
/* End PBXAggregateTarget section */

/* Begin PBXBuildFile section */
		OBJ_101 /* SwiftTestUtils.framework in Frameworks */ = {isa = PBXBuildFile; fileRef = "SwiftTestUtils::SwiftTestUtils::Product" /* SwiftTestUtils.framework */; };
		OBJ_102 /* Fakery.framework in Frameworks */ = {isa = PBXBuildFile; fileRef = "Fakery::Fakery::Product" /* Fakery.framework */; };
		OBJ_110 /* BaseTestCase.swift in Sources */ = {isa = PBXBuildFile; fileRef = OBJ_40 /* BaseTestCase.swift */; };
		OBJ_111 /* LinuxTestable.swift in Sources */ = {isa = PBXBuildFile; fileRef = OBJ_41 /* LinuxTestable.swift */; };
		OBJ_112 /* XCAssertions.swift in Sources */ = {isa = PBXBuildFile; fileRef = OBJ_42 /* XCAssertions.swift */; };
		OBJ_119 /* Package.swift in Sources */ = {isa = PBXBuildFile; fileRef = OBJ_39 /* Package.swift */; };
		OBJ_61 /* Config.swift in Sources */ = {isa = PBXBuildFile; fileRef = OBJ_9 /* Config.swift */; };
		OBJ_62 /* Parser.swift in Sources */ = {isa = PBXBuildFile; fileRef = OBJ_11 /* Parser.swift */; };
		OBJ_63 /* Provider.swift in Sources */ = {isa = PBXBuildFile; fileRef = OBJ_12 /* Provider.swift */; };
		OBJ_64 /* ArrayExtension.swift in Sources */ = {isa = PBXBuildFile; fileRef = OBJ_14 /* ArrayExtension.swift */; };
		OBJ_65 /* Faker.swift in Sources */ = {isa = PBXBuildFile; fileRef = OBJ_15 /* Faker.swift */; };
		OBJ_66 /* Address.swift in Sources */ = {isa = PBXBuildFile; fileRef = OBJ_17 /* Address.swift */; };
		OBJ_67 /* App.swift in Sources */ = {isa = PBXBuildFile; fileRef = OBJ_18 /* App.swift */; };
		OBJ_68 /* Bank.swift in Sources */ = {isa = PBXBuildFile; fileRef = OBJ_19 /* Bank.swift */; };
		OBJ_69 /* Business.swift in Sources */ = {isa = PBXBuildFile; fileRef = OBJ_20 /* Business.swift */; };
		OBJ_70 /* Commerce.swift in Sources */ = {isa = PBXBuildFile; fileRef = OBJ_21 /* Commerce.swift */; };
		OBJ_71 /* Company.swift in Sources */ = {isa = PBXBuildFile; fileRef = OBJ_22 /* Company.swift */; };
		OBJ_72 /* Date.swift in Sources */ = {isa = PBXBuildFile; fileRef = OBJ_23 /* Date.swift */; };
		OBJ_73 /* Generator.swift in Sources */ = {isa = PBXBuildFile; fileRef = OBJ_24 /* Generator.swift */; };
		OBJ_74 /* Internet.swift in Sources */ = {isa = PBXBuildFile; fileRef = OBJ_25 /* Internet.swift */; };
		OBJ_75 /* Lorem.swift in Sources */ = {isa = PBXBuildFile; fileRef = OBJ_26 /* Lorem.swift */; };
		OBJ_76 /* Name.swift in Sources */ = {isa = PBXBuildFile; fileRef = OBJ_27 /* Name.swift */; };
		OBJ_77 /* Number.swift in Sources */ = {isa = PBXBuildFile; fileRef = OBJ_28 /* Number.swift */; };
		OBJ_78 /* PhoneNumber.swift in Sources */ = {isa = PBXBuildFile; fileRef = OBJ_29 /* PhoneNumber.swift */; };
		OBJ_79 /* Team.swift in Sources */ = {isa = PBXBuildFile; fileRef = OBJ_30 /* Team.swift */; };
		OBJ_80 /* LinuxRandom.swift in Sources */ = {isa = PBXBuildFile; fileRef = OBJ_31 /* LinuxRandom.swift */; };
		OBJ_81 /* en.swift in Sources */ = {isa = PBXBuildFile; fileRef = OBJ_33 /* en.swift */; };
		OBJ_88 /* Package.swift in Sources */ = {isa = PBXBuildFile; fileRef = OBJ_6 /* Package.swift */; };
		OBJ_99 /* LinuxRandomTests.swift in Sources */ = {isa = PBXBuildFile; fileRef = OBJ_36 /* LinuxRandomTests.swift */; };
/* End PBXBuildFile section */

/* Begin PBXContainerItemProxy section */
		E410DF4F227A15F80069768D /* PBXContainerItemProxy */ = {
			isa = PBXContainerItemProxy;
			containerPortal = OBJ_1 /* Project object */;
			proxyType = 1;
			remoteGlobalIDString = "SwiftTestUtils::SwiftTestUtils";
			remoteInfo = SwiftTestUtils;
		};
		E410DF50227A15F80069768D /* PBXContainerItemProxy */ = {
			isa = PBXContainerItemProxy;
			containerPortal = OBJ_1 /* Project object */;
			proxyType = 1;
			remoteGlobalIDString = "Fakery::Fakery";
			remoteInfo = Fakery;
		};
		E410DF51227A15F90069768D /* PBXContainerItemProxy */ = {
			isa = PBXContainerItemProxy;
			containerPortal = OBJ_1 /* Project object */;
			proxyType = 1;
			remoteGlobalIDString = "Fakery::FakeryTests";
			remoteInfo = FakeryTests;
		};
/* End PBXContainerItemProxy section */

/* Begin PBXFileReference section */
		E410DF52227A170A0069768D /* run_tests.sh */ = {isa = PBXFileReference; lastKnownFileType = text.script.sh; path = run_tests.sh; sourceTree = "<group>"; };
		"Fakery::Fakery::Product" /* Fakery.framework */ = {isa = PBXFileReference; lastKnownFileType = wrapper.framework; path = Fakery.framework; sourceTree = BUILT_PRODUCTS_DIR; };
		"Fakery::FakeryTests::Product" /* FakeryTests.xctest */ = {isa = PBXFileReference; lastKnownFileType = file; path = FakeryTests.xctest; sourceTree = BUILT_PRODUCTS_DIR; };
		OBJ_11 /* Parser.swift */ = {isa = PBXFileReference; lastKnownFileType = sourcecode.swift; path = Parser.swift; sourceTree = "<group>"; };
		OBJ_12 /* Provider.swift */ = {isa = PBXFileReference; lastKnownFileType = sourcecode.swift; path = Provider.swift; sourceTree = "<group>"; };
		OBJ_14 /* ArrayExtension.swift */ = {isa = PBXFileReference; lastKnownFileType = sourcecode.swift; path = ArrayExtension.swift; sourceTree = "<group>"; };
		OBJ_15 /* Faker.swift */ = {isa = PBXFileReference; lastKnownFileType = sourcecode.swift; path = Faker.swift; sourceTree = "<group>"; };
		OBJ_17 /* Address.swift */ = {isa = PBXFileReference; lastKnownFileType = sourcecode.swift; path = Address.swift; sourceTree = "<group>"; };
		OBJ_18 /* App.swift */ = {isa = PBXFileReference; lastKnownFileType = sourcecode.swift; path = App.swift; sourceTree = "<group>"; };
		OBJ_19 /* Bank.swift */ = {isa = PBXFileReference; lastKnownFileType = sourcecode.swift; path = Bank.swift; sourceTree = "<group>"; };
		OBJ_20 /* Business.swift */ = {isa = PBXFileReference; lastKnownFileType = sourcecode.swift; path = Business.swift; sourceTree = "<group>"; };
		OBJ_21 /* Commerce.swift */ = {isa = PBXFileReference; lastKnownFileType = sourcecode.swift; path = Commerce.swift; sourceTree = "<group>"; };
		OBJ_22 /* Company.swift */ = {isa = PBXFileReference; lastKnownFileType = sourcecode.swift; path = Company.swift; sourceTree = "<group>"; };
		OBJ_23 /* Date.swift */ = {isa = PBXFileReference; lastKnownFileType = sourcecode.swift; path = Date.swift; sourceTree = "<group>"; };
		OBJ_24 /* Generator.swift */ = {isa = PBXFileReference; lastKnownFileType = sourcecode.swift; path = Generator.swift; sourceTree = "<group>"; };
		OBJ_25 /* Internet.swift */ = {isa = PBXFileReference; lastKnownFileType = sourcecode.swift; path = Internet.swift; sourceTree = "<group>"; };
		OBJ_26 /* Lorem.swift */ = {isa = PBXFileReference; lastKnownFileType = sourcecode.swift; path = Lorem.swift; sourceTree = "<group>"; };
		OBJ_27 /* Name.swift */ = {isa = PBXFileReference; lastKnownFileType = sourcecode.swift; path = Name.swift; sourceTree = "<group>"; };
		OBJ_28 /* Number.swift */ = {isa = PBXFileReference; lastKnownFileType = sourcecode.swift; path = Number.swift; sourceTree = "<group>"; };
		OBJ_29 /* PhoneNumber.swift */ = {isa = PBXFileReference; lastKnownFileType = sourcecode.swift; path = PhoneNumber.swift; sourceTree = "<group>"; };
		OBJ_30 /* Team.swift */ = {isa = PBXFileReference; lastKnownFileType = sourcecode.swift; path = Team.swift; sourceTree = "<group>"; };
		OBJ_31 /* LinuxRandom.swift */ = {isa = PBXFileReference; lastKnownFileType = sourcecode.swift; path = LinuxRandom.swift; sourceTree = "<group>"; };
		OBJ_33 /* en.swift */ = {isa = PBXFileReference; lastKnownFileType = sourcecode.swift; path = en.swift; sourceTree = "<group>"; };
		OBJ_36 /* LinuxRandomTests.swift */ = {isa = PBXFileReference; lastKnownFileType = sourcecode.swift; path = LinuxRandomTests.swift; sourceTree = "<group>"; };
		OBJ_39 /* Package.swift */ = {isa = PBXFileReference; explicitFileType = sourcecode.swift; name = Package.swift; path = /Users/brianstrobach/Appsaurus/Company/Projects/OpenSource/Swift/Fakery/.build/checkouts/SwiftTestUtils/Package.swift; sourceTree = "<group>"; };
		OBJ_40 /* BaseTestCase.swift */ = {isa = PBXFileReference; lastKnownFileType = sourcecode.swift; path = BaseTestCase.swift; sourceTree = "<group>"; };
		OBJ_41 /* LinuxTestable.swift */ = {isa = PBXFileReference; lastKnownFileType = sourcecode.swift; path = LinuxTestable.swift; sourceTree = "<group>"; };
		OBJ_42 /* XCAssertions.swift */ = {isa = PBXFileReference; lastKnownFileType = sourcecode.swift; path = XCAssertions.swift; sourceTree = "<group>"; };
		OBJ_47 /* Images */ = {isa = PBXFileReference; lastKnownFileType = folder; path = Images; sourceTree = SOURCE_ROOT; };
		OBJ_48 /* Resources */ = {isa = PBXFileReference; lastKnownFileType = folder; path = Resources; sourceTree = SOURCE_ROOT; };
		OBJ_49 /* Project */ = {isa = PBXFileReference; lastKnownFileType = folder; path = Project; sourceTree = SOURCE_ROOT; };
		OBJ_50 /* Cartfile.resolved */ = {isa = PBXFileReference; lastKnownFileType = text; path = Cartfile.resolved; sourceTree = "<group>"; };
		OBJ_51 /* LICENSE.md */ = {isa = PBXFileReference; lastKnownFileType = net.daringfireball.markdown; path = LICENSE.md; sourceTree = "<group>"; };
		OBJ_52 /* README.md */ = {isa = PBXFileReference; lastKnownFileType = net.daringfireball.markdown; path = README.md; sourceTree = "<group>"; };
		OBJ_53 /* Cartfile.private */ = {isa = PBXFileReference; lastKnownFileType = text; path = Cartfile.private; sourceTree = "<group>"; };
		OBJ_54 /* CONTRIBUTING.md */ = {isa = PBXFileReference; lastKnownFileType = net.daringfireball.markdown; path = CONTRIBUTING.md; sourceTree = "<group>"; };
		OBJ_55 /* Fakery.podspec */ = {isa = PBXFileReference; lastKnownFileType = text; path = Fakery.podspec; sourceTree = "<group>"; };
		OBJ_6 /* Package.swift */ = {isa = PBXFileReference; explicitFileType = sourcecode.swift; path = Package.swift; sourceTree = "<group>"; };
		OBJ_9 /* Config.swift */ = {isa = PBXFileReference; lastKnownFileType = sourcecode.swift; path = Config.swift; sourceTree = "<group>"; };
		"SwiftTestUtils::SwiftTestUtils::Product" /* SwiftTestUtils.framework */ = {isa = PBXFileReference; lastKnownFileType = wrapper.framework; path = SwiftTestUtils.framework; sourceTree = BUILT_PRODUCTS_DIR; };
/* End PBXFileReference section */

/* Begin PBXFrameworksBuildPhase section */
		OBJ_100 /* Frameworks */ = {
			isa = PBXFrameworksBuildPhase;
			buildActionMask = 0;
			files = (
				OBJ_101 /* SwiftTestUtils.framework in Frameworks */,
				OBJ_102 /* Fakery.framework in Frameworks */,
			);
			runOnlyForDeploymentPostprocessing = 0;
		};
		OBJ_113 /* Frameworks */ = {
			isa = PBXFrameworksBuildPhase;
			buildActionMask = 0;
			files = (
			);
			runOnlyForDeploymentPostprocessing = 0;
		};
		OBJ_82 /* Frameworks */ = {
			isa = PBXFrameworksBuildPhase;
			buildActionMask = 0;
			files = (
			);
			runOnlyForDeploymentPostprocessing = 0;
		};
/* End PBXFrameworksBuildPhase section */

/* Begin PBXGroup section */
		OBJ_10 /* Data */ = {
			isa = PBXGroup;
			children = (
				OBJ_11 /* Parser.swift */,
				OBJ_12 /* Provider.swift */,
			);
			path = Data;
			sourceTree = "<group>";
		};
		OBJ_13 /* Extensions */ = {
			isa = PBXGroup;
			children = (
				OBJ_14 /* ArrayExtension.swift */,
			);
			path = Extensions;
			sourceTree = "<group>";
		};
		OBJ_16 /* Generators */ = {
			isa = PBXGroup;
			children = (
				OBJ_17 /* Address.swift */,
				OBJ_18 /* App.swift */,
				OBJ_19 /* Bank.swift */,
				OBJ_20 /* Business.swift */,
				OBJ_21 /* Commerce.swift */,
				OBJ_22 /* Company.swift */,
				OBJ_23 /* Date.swift */,
				OBJ_24 /* Generator.swift */,
				OBJ_25 /* Internet.swift */,
				OBJ_26 /* Lorem.swift */,
				OBJ_27 /* Name.swift */,
				OBJ_28 /* Number.swift */,
				OBJ_29 /* PhoneNumber.swift */,
				OBJ_30 /* Team.swift */,
			);
			path = Generators;
			sourceTree = "<group>";
		};
		OBJ_32 /* Locales */ = {
			isa = PBXGroup;
			children = (
				OBJ_33 /* en.swift */,
			);
			path = Locales;
			sourceTree = "<group>";
		};
		OBJ_34 /* Tests */ = {
			isa = PBXGroup;
			children = (
				OBJ_35 /* FakeryTests */,
			);
			name = Tests;
			sourceTree = SOURCE_ROOT;
		};
		OBJ_35 /* FakeryTests */ = {
			isa = PBXGroup;
			children = (
				OBJ_36 /* LinuxRandomTests.swift */,
			);
			name = FakeryTests;
			path = Tests/FakeryTests;
			sourceTree = SOURCE_ROOT;
		};
		OBJ_37 /* Dependencies */ = {
			isa = PBXGroup;
			children = (
				OBJ_38 /* SwiftTestUtils 1.0.1 */,
			);
			name = Dependencies;
			sourceTree = "<group>";
		};
		OBJ_38 /* SwiftTestUtils 1.0.1 */ = {
			isa = PBXGroup;
			children = (
				OBJ_39 /* Package.swift */,
				OBJ_40 /* BaseTestCase.swift */,
				OBJ_41 /* LinuxTestable.swift */,
				OBJ_42 /* XCAssertions.swift */,
			);
			name = "SwiftTestUtils 1.0.1";
			path = .build/checkouts/SwiftTestUtils/Sources/Shared;
			sourceTree = SOURCE_ROOT;
		};
		OBJ_43 /* Products */ = {
			isa = PBXGroup;
			children = (
				"SwiftTestUtils::SwiftTestUtils::Product" /* SwiftTestUtils.framework */,
				"Fakery::FakeryTests::Product" /* FakeryTests.xctest */,
				"Fakery::Fakery::Product" /* Fakery.framework */,
			);
			name = Products;
			sourceTree = BUILT_PRODUCTS_DIR;
		};
		OBJ_5 /*  */ = {
			isa = PBXGroup;
			children = (
				E410DF52227A170A0069768D /* run_tests.sh */,
				OBJ_6 /* Package.swift */,
				OBJ_7 /* Sources */,
				OBJ_34 /* Tests */,
				OBJ_37 /* Dependencies */,
				OBJ_43 /* Products */,
				OBJ_47 /* Images */,
				OBJ_48 /* Resources */,
				OBJ_49 /* Project */,
				OBJ_50 /* Cartfile.resolved */,
				OBJ_51 /* LICENSE.md */,
				OBJ_52 /* README.md */,
				OBJ_53 /* Cartfile.private */,
				OBJ_54 /* CONTRIBUTING.md */,
				OBJ_55 /* Fakery.podspec */,
			);
			name = "";
			sourceTree = "<group>";
		};
		OBJ_7 /* Sources */ = {
			isa = PBXGroup;
			children = (
				OBJ_8 /* Fakery */,
			);
			name = Sources;
			sourceTree = SOURCE_ROOT;
		};
		OBJ_8 /* Fakery */ = {
			isa = PBXGroup;
			children = (
				OBJ_9 /* Config.swift */,
				OBJ_10 /* Data */,
				OBJ_13 /* Extensions */,
				OBJ_15 /* Faker.swift */,
				OBJ_16 /* Generators */,
				OBJ_31 /* LinuxRandom.swift */,
				OBJ_32 /* Locales */,
			);
			name = Fakery;
			path = Sources/Fakery;
			sourceTree = SOURCE_ROOT;
		};
/* End PBXGroup section */

/* Begin PBXNativeTarget section */
		"Fakery::Fakery" /* Fakery */ = {
			isa = PBXNativeTarget;
			buildConfigurationList = OBJ_57 /* Build configuration list for PBXNativeTarget "Fakery" */;
			buildPhases = (
				OBJ_60 /* Sources */,
				OBJ_82 /* Frameworks */,
			);
			buildRules = (
			);
			dependencies = (
			);
			name = Fakery;
			productName = Fakery;
			productReference = "Fakery::Fakery::Product" /* Fakery.framework */;
			productType = "com.apple.product-type.framework";
		};
		"Fakery::FakeryTests" /* FakeryTests */ = {
			isa = PBXNativeTarget;
			buildConfigurationList = OBJ_95 /* Build configuration list for PBXNativeTarget "FakeryTests" */;
			buildPhases = (
				OBJ_98 /* Sources */,
				OBJ_100 /* Frameworks */,
			);
			buildRules = (
			);
			dependencies = (
				OBJ_103 /* PBXTargetDependency */,
				OBJ_105 /* PBXTargetDependency */,
			);
			name = FakeryTests;
			productName = FakeryTests;
			productReference = "Fakery::FakeryTests::Product" /* FakeryTests.xctest */;
			productType = "com.apple.product-type.bundle.unit-test";
		};
		"Fakery::SwiftPMPackageDescription" /* FakeryPackageDescription */ = {
			isa = PBXNativeTarget;
			buildConfigurationList = OBJ_84 /* Build configuration list for PBXNativeTarget "FakeryPackageDescription" */;
			buildPhases = (
				OBJ_87 /* Sources */,
			);
			buildRules = (
			);
			dependencies = (
			);
			name = FakeryPackageDescription;
			productName = FakeryPackageDescription;
			productType = "com.apple.product-type.framework";
		};
		"SwiftTestUtils::SwiftPMPackageDescription" /* SwiftTestUtilsPackageDescription */ = {
			isa = PBXNativeTarget;
			buildConfigurationList = OBJ_115 /* Build configuration list for PBXNativeTarget "SwiftTestUtilsPackageDescription" */;
			buildPhases = (
				OBJ_118 /* Sources */,
			);
			buildRules = (
			);
			dependencies = (
			);
			name = SwiftTestUtilsPackageDescription;
			productName = SwiftTestUtilsPackageDescription;
			productType = "com.apple.product-type.framework";
		};
		"SwiftTestUtils::SwiftTestUtils" /* SwiftTestUtils */ = {
			isa = PBXNativeTarget;
			buildConfigurationList = OBJ_106 /* Build configuration list for PBXNativeTarget "SwiftTestUtils" */;
			buildPhases = (
				OBJ_109 /* Sources */,
				OBJ_113 /* Frameworks */,
			);
			buildRules = (
			);
			dependencies = (
			);
			name = SwiftTestUtils;
			productName = SwiftTestUtils;
			productReference = "SwiftTestUtils::SwiftTestUtils::Product" /* SwiftTestUtils.framework */;
			productType = "com.apple.product-type.framework";
		};
/* End PBXNativeTarget section */

/* Begin PBXProject section */
		OBJ_1 /* Project object */ = {
			isa = PBXProject;
			attributes = {
				LastSwiftMigration = 9999;
				LastUpgradeCheck = 9999;
			};
			buildConfigurationList = OBJ_2 /* Build configuration list for PBXProject "Fakery" */;
			compatibilityVersion = "Xcode 3.2";
			developmentRegion = English;
			hasScannedForEncodings = 0;
			knownRegions = (
				English,
				en,
			);
			mainGroup = OBJ_5 /*  */;
			productRefGroup = OBJ_43 /* Products */;
			projectDirPath = "";
			projectRoot = "";
			targets = (
				"Fakery::Fakery" /* Fakery */,
				"Fakery::SwiftPMPackageDescription" /* FakeryPackageDescription */,
				"Fakery::FakeryPackageTests::ProductTarget" /* FakeryPackageTests */,
				"Fakery::FakeryTests" /* FakeryTests */,
				"SwiftTestUtils::SwiftTestUtils" /* SwiftTestUtils */,
				"SwiftTestUtils::SwiftPMPackageDescription" /* SwiftTestUtilsPackageDescription */,
			);
		};
/* End PBXProject section */

/* Begin PBXSourcesBuildPhase section */
		OBJ_109 /* Sources */ = {
			isa = PBXSourcesBuildPhase;
			buildActionMask = 0;
			files = (
				OBJ_110 /* BaseTestCase.swift in Sources */,
				OBJ_111 /* LinuxTestable.swift in Sources */,
				OBJ_112 /* XCAssertions.swift in Sources */,
			);
			runOnlyForDeploymentPostprocessing = 0;
		};
		OBJ_118 /* Sources */ = {
			isa = PBXSourcesBuildPhase;
			buildActionMask = 0;
			files = (
				OBJ_119 /* Package.swift in Sources */,
			);
			runOnlyForDeploymentPostprocessing = 0;
		};
		OBJ_60 /* Sources */ = {
			isa = PBXSourcesBuildPhase;
			buildActionMask = 0;
			files = (
				OBJ_61 /* Config.swift in Sources */,
				OBJ_62 /* Parser.swift in Sources */,
				OBJ_63 /* Provider.swift in Sources */,
				OBJ_64 /* ArrayExtension.swift in Sources */,
				OBJ_65 /* Faker.swift in Sources */,
				OBJ_66 /* Address.swift in Sources */,
				OBJ_67 /* App.swift in Sources */,
				OBJ_68 /* Bank.swift in Sources */,
				OBJ_69 /* Business.swift in Sources */,
				OBJ_70 /* Commerce.swift in Sources */,
				OBJ_71 /* Company.swift in Sources */,
				OBJ_72 /* Date.swift in Sources */,
				OBJ_73 /* Generator.swift in Sources */,
				OBJ_74 /* Internet.swift in Sources */,
				OBJ_75 /* Lorem.swift in Sources */,
				OBJ_76 /* Name.swift in Sources */,
				OBJ_77 /* Number.swift in Sources */,
				OBJ_78 /* PhoneNumber.swift in Sources */,
				OBJ_79 /* Team.swift in Sources */,
				OBJ_80 /* LinuxRandom.swift in Sources */,
				OBJ_81 /* en.swift in Sources */,
			);
			runOnlyForDeploymentPostprocessing = 0;
		};
		OBJ_87 /* Sources */ = {
			isa = PBXSourcesBuildPhase;
			buildActionMask = 0;
			files = (
				OBJ_88 /* Package.swift in Sources */,
			);
			runOnlyForDeploymentPostprocessing = 0;
		};
		OBJ_98 /* Sources */ = {
			isa = PBXSourcesBuildPhase;
			buildActionMask = 0;
			files = (
				OBJ_99 /* LinuxRandomTests.swift in Sources */,
			);
			runOnlyForDeploymentPostprocessing = 0;
		};
/* End PBXSourcesBuildPhase section */

/* Begin PBXTargetDependency section */
		OBJ_103 /* PBXTargetDependency */ = {
			isa = PBXTargetDependency;
			target = "SwiftTestUtils::SwiftTestUtils" /* SwiftTestUtils */;
			targetProxy = E410DF4F227A15F80069768D /* PBXContainerItemProxy */;
		};
		OBJ_105 /* PBXTargetDependency */ = {
			isa = PBXTargetDependency;
			target = "Fakery::Fakery" /* Fakery */;
			targetProxy = E410DF50227A15F80069768D /* PBXContainerItemProxy */;
		};
		OBJ_93 /* PBXTargetDependency */ = {
			isa = PBXTargetDependency;
			target = "Fakery::FakeryTests" /* FakeryTests */;
			targetProxy = E410DF51227A15F90069768D /* PBXContainerItemProxy */;
		};
/* End PBXTargetDependency section */

/* Begin XCBuildConfiguration section */
		OBJ_107 /* Debug */ = {
			isa = XCBuildConfiguration;
			buildSettings = {
				ENABLE_TESTABILITY = YES;
				FRAMEWORK_SEARCH_PATHS = (
					"$(inherited)",
					"$(PLATFORM_DIR)/Developer/Library/Frameworks",
				);
				HEADER_SEARCH_PATHS = "$(inherited)";
				INFOPLIST_FILE = Fakery.xcodeproj/SwiftTestUtils_Info.plist;
				LD_RUNPATH_SEARCH_PATHS = "$(inherited) $(TOOLCHAIN_DIR)/usr/lib/swift/macosx";
				OTHER_CFLAGS = "$(inherited)";
				OTHER_LDFLAGS = "$(inherited)";
				OTHER_SWIFT_FLAGS = "$(inherited)";
				PRODUCT_BUNDLE_IDENTIFIER = SwiftTestUtils;
				PRODUCT_MODULE_NAME = "$(TARGET_NAME:c99extidentifier)";
				PRODUCT_NAME = "$(TARGET_NAME:c99extidentifier)";
				SKIP_INSTALL = YES;
				SWIFT_ACTIVE_COMPILATION_CONDITIONS = "$(inherited)";
				SWIFT_VERSION = 4.0;
				TARGET_NAME = SwiftTestUtils;
			};
			name = Debug;
		};
		OBJ_108 /* Release */ = {
			isa = XCBuildConfiguration;
			buildSettings = {
				ENABLE_TESTABILITY = YES;
				FRAMEWORK_SEARCH_PATHS = (
					"$(inherited)",
					"$(PLATFORM_DIR)/Developer/Library/Frameworks",
				);
				HEADER_SEARCH_PATHS = "$(inherited)";
				INFOPLIST_FILE = Fakery.xcodeproj/SwiftTestUtils_Info.plist;
				LD_RUNPATH_SEARCH_PATHS = "$(inherited) $(TOOLCHAIN_DIR)/usr/lib/swift/macosx";
				OTHER_CFLAGS = "$(inherited)";
				OTHER_LDFLAGS = "$(inherited)";
				OTHER_SWIFT_FLAGS = "$(inherited)";
				PRODUCT_BUNDLE_IDENTIFIER = SwiftTestUtils;
				PRODUCT_MODULE_NAME = "$(TARGET_NAME:c99extidentifier)";
				PRODUCT_NAME = "$(TARGET_NAME:c99extidentifier)";
				SKIP_INSTALL = YES;
				SWIFT_ACTIVE_COMPILATION_CONDITIONS = "$(inherited)";
				SWIFT_VERSION = 4.0;
				TARGET_NAME = SwiftTestUtils;
			};
			name = Release;
		};
		OBJ_116 /* Debug */ = {
			isa = XCBuildConfiguration;
			buildSettings = {
				LD = /usr/bin/true;
				OTHER_SWIFT_FLAGS = "-swift-version 4 -I $(TOOLCHAIN_DIR)/usr/lib/swift/pm/4 -target x86_64-apple-macosx10.10 -sdk /Applications/Xcode.app/Contents/Developer/Platforms/MacOSX.platform/Developer/SDKs/MacOSX10.14.sdk";
				SWIFT_VERSION = 4.0;
			};
			name = Debug;
		};
		OBJ_117 /* Release */ = {
			isa = XCBuildConfiguration;
			buildSettings = {
				LD = /usr/bin/true;
				OTHER_SWIFT_FLAGS = "-swift-version 4 -I $(TOOLCHAIN_DIR)/usr/lib/swift/pm/4 -target x86_64-apple-macosx10.10 -sdk /Applications/Xcode.app/Contents/Developer/Platforms/MacOSX.platform/Developer/SDKs/MacOSX10.14.sdk";
				SWIFT_VERSION = 4.0;
			};
			name = Release;
		};
		OBJ_3 /* Debug */ = {
			isa = XCBuildConfiguration;
			buildSettings = {
				CLANG_ENABLE_OBJC_ARC = YES;
				COMBINE_HIDPI_IMAGES = YES;
				COPY_PHASE_STRIP = NO;
				DEBUG_INFORMATION_FORMAT = dwarf;
				DYLIB_INSTALL_NAME_BASE = "@rpath";
				ENABLE_NS_ASSERTIONS = YES;
				GCC_OPTIMIZATION_LEVEL = 0;
				GCC_PREPROCESSOR_DEFINITIONS = (
					"$(inherited)",
					"SWIFT_PACKAGE=1",
					"DEBUG=1",
				);
				MACOSX_DEPLOYMENT_TARGET = 10.10;
				ONLY_ACTIVE_ARCH = YES;
				OTHER_SWIFT_FLAGS = "-DXcode";
				PRODUCT_NAME = "$(TARGET_NAME)";
				SDKROOT = macosx;
				SUPPORTED_PLATFORMS = "macosx iphoneos iphonesimulator appletvos appletvsimulator watchos watchsimulator";
				SWIFT_ACTIVE_COMPILATION_CONDITIONS = "$(inherited) SWIFT_PACKAGE DEBUG";
				SWIFT_OPTIMIZATION_LEVEL = "-Onone";
				USE_HEADERMAP = NO;
			};
			name = Debug;
		};
		OBJ_4 /* Release */ = {
			isa = XCBuildConfiguration;
			buildSettings = {
				CLANG_ENABLE_OBJC_ARC = YES;
				COMBINE_HIDPI_IMAGES = YES;
				COPY_PHASE_STRIP = YES;
				DEBUG_INFORMATION_FORMAT = "dwarf-with-dsym";
				DYLIB_INSTALL_NAME_BASE = "@rpath";
				GCC_OPTIMIZATION_LEVEL = s;
				GCC_PREPROCESSOR_DEFINITIONS = (
					"$(inherited)",
					"SWIFT_PACKAGE=1",
				);
				MACOSX_DEPLOYMENT_TARGET = 10.10;
				OTHER_SWIFT_FLAGS = "-DXcode";
				PRODUCT_NAME = "$(TARGET_NAME)";
				SDKROOT = macosx;
				SUPPORTED_PLATFORMS = "macosx iphoneos iphonesimulator appletvos appletvsimulator watchos watchsimulator";
				SWIFT_ACTIVE_COMPILATION_CONDITIONS = "$(inherited) SWIFT_PACKAGE";
				SWIFT_OPTIMIZATION_LEVEL = "-Owholemodule";
				USE_HEADERMAP = NO;
			};
			name = Release;
		};
		OBJ_58 /* Debug */ = {
			isa = XCBuildConfiguration;
			buildSettings = {
				ENABLE_TESTABILITY = YES;
				FRAMEWORK_SEARCH_PATHS = (
					"$(inherited)",
					"$(PLATFORM_DIR)/Developer/Library/Frameworks",
				);
				HEADER_SEARCH_PATHS = "$(inherited)";
				INFOPLIST_FILE = Fakery.xcodeproj/Fakery_Info.plist;
				LD_RUNPATH_SEARCH_PATHS = "$(inherited) $(TOOLCHAIN_DIR)/usr/lib/swift/macosx";
				OTHER_CFLAGS = "$(inherited)";
				OTHER_LDFLAGS = "$(inherited)";
				OTHER_SWIFT_FLAGS = "$(inherited)";
				PRODUCT_BUNDLE_IDENTIFIER = Fakery;
				PRODUCT_MODULE_NAME = "$(TARGET_NAME:c99extidentifier)";
				PRODUCT_NAME = "$(TARGET_NAME:c99extidentifier)";
				SKIP_INSTALL = YES;
				SWIFT_ACTIVE_COMPILATION_CONDITIONS = "$(inherited)";
				SWIFT_VERSION = 4.0;
				TARGET_NAME = Fakery;
			};
			name = Debug;
		};
		OBJ_59 /* Release */ = {
			isa = XCBuildConfiguration;
			buildSettings = {
				ENABLE_TESTABILITY = YES;
				FRAMEWORK_SEARCH_PATHS = (
					"$(inherited)",
					"$(PLATFORM_DIR)/Developer/Library/Frameworks",
				);
				HEADER_SEARCH_PATHS = "$(inherited)";
				INFOPLIST_FILE = Fakery.xcodeproj/Fakery_Info.plist;
				LD_RUNPATH_SEARCH_PATHS = "$(inherited) $(TOOLCHAIN_DIR)/usr/lib/swift/macosx";
				OTHER_CFLAGS = "$(inherited)";
				OTHER_LDFLAGS = "$(inherited)";
				OTHER_SWIFT_FLAGS = "$(inherited)";
				PRODUCT_BUNDLE_IDENTIFIER = Fakery;
				PRODUCT_MODULE_NAME = "$(TARGET_NAME:c99extidentifier)";
				PRODUCT_NAME = "$(TARGET_NAME:c99extidentifier)";
				SKIP_INSTALL = YES;
				SWIFT_ACTIVE_COMPILATION_CONDITIONS = "$(inherited)";
				SWIFT_VERSION = 4.0;
				TARGET_NAME = Fakery;
			};
			name = Release;
		};
		OBJ_85 /* Debug */ = {
			isa = XCBuildConfiguration;
			buildSettings = {
				LD = /usr/bin/true;
				OTHER_SWIFT_FLAGS = "-swift-version 4 -I $(TOOLCHAIN_DIR)/usr/lib/swift/pm/4 -target x86_64-apple-macosx10.10 -sdk /Applications/Xcode.app/Contents/Developer/Platforms/MacOSX.platform/Developer/SDKs/MacOSX10.14.sdk";
				SWIFT_VERSION = 4.0;
			};
			name = Debug;
		};
		OBJ_86 /* Release */ = {
			isa = XCBuildConfiguration;
			buildSettings = {
				LD = /usr/bin/true;
				OTHER_SWIFT_FLAGS = "-swift-version 4 -I $(TOOLCHAIN_DIR)/usr/lib/swift/pm/4 -target x86_64-apple-macosx10.10 -sdk /Applications/Xcode.app/Contents/Developer/Platforms/MacOSX.platform/Developer/SDKs/MacOSX10.14.sdk";
				SWIFT_VERSION = 4.0;
			};
			name = Release;
		};
		OBJ_91 /* Debug */ = {
			isa = XCBuildConfiguration;
			buildSettings = {
			};
			name = Debug;
		};
		OBJ_92 /* Release */ = {
			isa = XCBuildConfiguration;
			buildSettings = {
			};
			name = Release;
		};
		OBJ_96 /* Debug */ = {
			isa = XCBuildConfiguration;
			buildSettings = {
				CLANG_ENABLE_MODULES = YES;
				EMBEDDED_CONTENT_CONTAINS_SWIFT = YES;
				FRAMEWORK_SEARCH_PATHS = (
					"$(inherited)",
					"$(PLATFORM_DIR)/Developer/Library/Frameworks",
				);
				HEADER_SEARCH_PATHS = "$(inherited)";
				INFOPLIST_FILE = Fakery.xcodeproj/FakeryTests_Info.plist;
				LD_RUNPATH_SEARCH_PATHS = "$(inherited) @loader_path/../Frameworks @loader_path/Frameworks";
				OTHER_CFLAGS = "$(inherited)";
				OTHER_LDFLAGS = "$(inherited)";
				OTHER_SWIFT_FLAGS = "$(inherited)";
				SWIFT_ACTIVE_COMPILATION_CONDITIONS = "$(inherited)";
				SWIFT_VERSION = 4.0;
				TARGET_NAME = FakeryTests;
			};
			name = Debug;
		};
		OBJ_97 /* Release */ = {
			isa = XCBuildConfiguration;
			buildSettings = {
				CLANG_ENABLE_MODULES = YES;
				EMBEDDED_CONTENT_CONTAINS_SWIFT = YES;
				FRAMEWORK_SEARCH_PATHS = (
					"$(inherited)",
					"$(PLATFORM_DIR)/Developer/Library/Frameworks",
				);
				HEADER_SEARCH_PATHS = "$(inherited)";
				INFOPLIST_FILE = Fakery.xcodeproj/FakeryTests_Info.plist;
				LD_RUNPATH_SEARCH_PATHS = "$(inherited) @loader_path/../Frameworks @loader_path/Frameworks";
				OTHER_CFLAGS = "$(inherited)";
				OTHER_LDFLAGS = "$(inherited)";
				OTHER_SWIFT_FLAGS = "$(inherited)";
				SWIFT_ACTIVE_COMPILATION_CONDITIONS = "$(inherited)";
				SWIFT_VERSION = 4.0;
				TARGET_NAME = FakeryTests;
			};
			name = Release;
		};
/* End XCBuildConfiguration section */

/* Begin XCConfigurationList section */
		OBJ_106 /* Build configuration list for PBXNativeTarget "SwiftTestUtils" */ = {
			isa = XCConfigurationList;
			buildConfigurations = (
				OBJ_107 /* Debug */,
				OBJ_108 /* Release */,
			);
			defaultConfigurationIsVisible = 0;
			defaultConfigurationName = Release;
		};
		OBJ_115 /* Build configuration list for PBXNativeTarget "SwiftTestUtilsPackageDescription" */ = {
			isa = XCConfigurationList;
			buildConfigurations = (
				OBJ_116 /* Debug */,
				OBJ_117 /* Release */,
			);
			defaultConfigurationIsVisible = 0;
			defaultConfigurationName = Release;
		};
		OBJ_2 /* Build configuration list for PBXProject "Fakery" */ = {
			isa = XCConfigurationList;
			buildConfigurations = (
				OBJ_3 /* Debug */,
				OBJ_4 /* Release */,
			);
			defaultConfigurationIsVisible = 0;
			defaultConfigurationName = Release;
		};
		OBJ_57 /* Build configuration list for PBXNativeTarget "Fakery" */ = {
			isa = XCConfigurationList;
			buildConfigurations = (
				OBJ_58 /* Debug */,
				OBJ_59 /* Release */,
			);
			defaultConfigurationIsVisible = 0;
			defaultConfigurationName = Release;
		};
		OBJ_84 /* Build configuration list for PBXNativeTarget "FakeryPackageDescription" */ = {
			isa = XCConfigurationList;
			buildConfigurations = (
				OBJ_85 /* Debug */,
				OBJ_86 /* Release */,
			);
			defaultConfigurationIsVisible = 0;
			defaultConfigurationName = Release;
		};
		OBJ_90 /* Build configuration list for PBXAggregateTarget "FakeryPackageTests" */ = {
			isa = XCConfigurationList;
			buildConfigurations = (
				OBJ_91 /* Debug */,
				OBJ_92 /* Release */,
			);
			defaultConfigurationIsVisible = 0;
			defaultConfigurationName = Release;
		};
		OBJ_95 /* Build configuration list for PBXNativeTarget "FakeryTests" */ = {
			isa = XCConfigurationList;
			buildConfigurations = (
				OBJ_96 /* Debug */,
				OBJ_97 /* Release */,
			);
			defaultConfigurationIsVisible = 0;
			defaultConfigurationName = Release;
		};
/* End XCConfigurationList section */
	};
	rootObject = OBJ_1 /* Project object */;
}
